
Microsoft Visual Studio Solution File, Format Version 12.00
# Visual Studio Version 16
VisualStudioVersion = 16.0.31729.503
MinimumVisualStudioVersion = 10.0.40219.1
Project("{FAE04EC0-301F-11D3-BF4B-00C04F79EFBC}") = "LabaOBD", "LabaOBD.csproj", "{C9D814F5-05E9-4EF6-A61C-152268D94F5D}"
EndProject
Global
	GlobalSection(SolutionConfigurationPlatforms) = preSolution
		Debug|Any CPU = Debug|Any CPU
		Release|Any CPU = Release|Any CPU
	EndGlobalSection
	GlobalSection(ProjectConfigurationPlatforms) = postSolution
		{C9D814F5-05E9-4EF6-A61C-152268D94F5D}.Debug|Any CPU.ActiveCfg = Debug|Any CPU
		{C9D814F5-05E9-4EF6-A61C-152268D94F5D}.Debug|Any CPU.Build.0 = Debug|Any CPU
		{C9D814F5-05E9-4EF6-A61C-152268D94F5D}.Release|Any CPU.ActiveCfg = Release|Any CPU
		{C9D814F5-05E9-4EF6-A61C-152268D94F5D}.Release|Any CPU.Build.0 = Release|Any CPU
	EndGlobalSection
	GlobalSection(SolutionProperties) = preSolution
		HideSolutionNode = FALSE
	EndGlobalSection
	GlobalSection(ExtensibilityGlobals) = postSolution
		SolutionGuid = {2A905779-DA98-405C-A2A3-34ED45B31B63}
	EndGlobalSection
EndGlobal
